<?xml version="1.0"?>
<CONFIG>
  <ProjectOptions>
    <Version Value="9"/>
    <PathDelim Value="\"/>
    <General>
      <MainUnit Value="0"/>
      <ResourceType Value="res"/>
      <UseXPManifest Value="True"/>
      <ActiveWindowIndexAtStart Value="0"/>
    </General>
    <i18n>
      <EnableI18N LFM="False"/>
    </i18n>
    <VersionInfo>
      <StringTable ProductVersion=""/>
    </VersionInfo>
    <BuildModes Count="1" Active="Default">
      <Item1 Name="Default" Default="True"/>
    </BuildModes>
    <PublishOptions>
      <Version Value="2"/>
      <IncludeFileFilter Value="*.(pas|pp|inc|lfm|lpr|lrs|lpi|lpk|sh|xml)"/>
      <ExcludeFileFilter Value="*.(bak|ppu|o|so);*~;backup"/>
    </PublishOptions>
    <RunParams>
      <local>
        <FormatVersion Value="1"/>
        <LaunchingApplication PathPlusParams="\usr\bin\xterm -T 'Lazarus Run Output' -e $(LazarusDir)\tools\runwait.sh $(TargetCmdLine)"/>
      </local>
    </RunParams>
    <RequiredPackages Count="4">
      <Item1>
        <PackageName Value="DBNetProcessor"/>
      </Item1>
      <Item2>
        <PackageName Value="FCL"/>
        <MinVersion Valid="True"/>
      </Item2>
      <Item3>
        <PackageName Value="LCLBase"/>
        <MinVersion Valid="True"/>
      </Item3>
      <Item4>
        <PackageName Value="LCL"/>
      </Item4>
    </RequiredPackages>
    <Units Count="15">
      <Unit0>
        <Filename Value="ClientPro.lpr"/>
        <IsPartOfProject Value="True"/>
        <UnitName Value="ClientPro"/>
        <IsVisibleTab Value="True"/>
        <EditorIndex Value="1"/>
        <WindowIndex Value="0"/>
        <TopLine Value="1"/>
        <CursorPos X="1" Y="22"/>
        <UsageCount Value="48"/>
        <Loaded Value="True"/>
      </Unit0>
      <Unit1>
        <Filename Value="ClientUnit.pas"/>
        <IsPartOfProject Value="True"/>
        <ComponentName Value="ClientForm"/>
        <ResourceBaseClass Value="Form"/>
        <UnitName Value="ClientUnit"/>
        <EditorIndex Value="0"/>
        <WindowIndex Value="0"/>
        <TopLine Value="91"/>
        <CursorPos X="19" Y="92"/>
        <UsageCount Value="48"/>
        <Loaded Value="True"/>
        <LoadedDesigner Value="True"/>
      </Unit1>
      <Unit2>
        <Filename Value=""/>
        <UsageCount Value="10"/>
      </Unit2>
      <Unit3>
        <Filename Value="..\MemDataBase.pas"/>
        <UnitName Value="MemDataBase"/>
        <WindowIndex Value="0"/>
        <TopLine Value="1683"/>
        <CursorPos X="9" Y="1741"/>
        <UsageCount Value="12"/>
      </Unit3>
      <Unit4>
        <Filename Value="ClientUnit.lfm"/>
        <WindowIndex Value="0"/>
        <TopLine Value="115"/>
        <CursorPos X="1" Y="145"/>
        <ExtraEditorCount Value="1"/>
        <ExtraEditor1>
          <WindowIndex Value="0"/>
          <TopLine Value="56"/>
          <CursorPos X="1" Y="56"/>
        </ExtraEditor1>
        <UsageCount Value="10"/>
        <DefaultSyntaxHighlighter Value="LFM"/>
      </Unit4>
      <Unit5>
        <Filename Value="..\OnLineQuery.pas"/>
        <UnitName Value="OnLineQuery"/>
        <WindowIndex Value="0"/>
        <TopLine Value="110"/>
        <CursorPos X="20" Y="138"/>
        <UsageCount Value="10"/>
      </Unit5>
      <Unit6>
        <Filename Value="T:\lazarus\fpc\rtl\objpas\sysutils\sysinth.inc"/>
        <WindowIndex Value="0"/>
        <TopLine Value="68"/>
        <CursorPos X="68" Y="90"/>
        <UsageCount Value="10"/>
      </Unit6>
      <Unit7>
        <Filename Value="T:\synpase\demo\http\Unit1.pas"/>
        <UnitName Value="Unit1"/>
        <WindowIndex Value="0"/>
        <TopLine Value="97"/>
        <CursorPos X="96" Y="105"/>
        <UsageCount Value="10"/>
      </Unit7>
      <Unit8>
        <Filename Value="T:\synpase\demo\echo\echo.pas"/>
        <UnitName Value="echo"/>
        <WindowIndex Value="0"/>
        <TopLine Value="25"/>
        <CursorPos X="61" Y="60"/>
        <UsageCount Value="10"/>
      </Unit8>
      <Unit9>
        <Filename Value="T:\lazarus\laz\lcl\forms.pp"/>
        <UnitName Value="Forms"/>
        <WindowIndex Value="0"/>
        <TopLine Value="1960"/>
        <CursorPos X="11" Y="1977"/>
        <UsageCount Value="10"/>
      </Unit9>
      <Unit10>
        <Filename Value="T:\lazarus\laz\lcl\include\application.inc"/>
        <WindowIndex Value="0"/>
        <TopLine Value="218"/>
        <CursorPos X="31" Y="228"/>
        <UsageCount Value="10"/>
      </Unit10>
      <Unit11>
        <Filename Value="T:\lazarus\fpc\rtl\win\wininc\defines.inc"/>
        <WindowIndex Value="0"/>
        <TopLine Value="2173"/>
        <CursorPos X="24" Y="2190"/>
        <UsageCount Value="10"/>
      </Unit11>
      <Unit12>
        <Filename Value="T:\lazarus\fpc\rtl\inc\systemh.inc"/>
        <WindowIndex Value="0"/>
        <TopLine Value="281"/>
        <CursorPos X="3" Y="298"/>
        <UsageCount Value="10"/>
      </Unit12>
      <Unit13>
        <Filename Value="T:\lazarus\fpc\packages\fcl-db\src\base\db.pas"/>
        <UnitName Value="db"/>
        <WindowIndex Value="0"/>
        <TopLine Value="371"/>
        <CursorPos X="29" Y="388"/>
        <UsageCount Value="10"/>
      </Unit13>
      <Unit14>
        <Filename Value="..\ServerProc.pas"/>
        <UnitName Value="ServerProc"/>
        <WindowIndex Value="0"/>
        <TopLine Value="512"/>
        <CursorPos X="26" Y="529"/>
        <UsageCount Value="10"/>
      </Unit14>
    </Units>
    <JumpHistory Count="30" HistoryIndex="29">
      <Position1>
        <Filename Value="ClientUnit.pas"/>
        <Caret Line="104" Column="100" TopLine="95"/>
      </Position1>
      <Position2>
        <Filename Value="ClientUnit.pas"/>
        <Caret Line="140" Column="3" TopLine="116"/>
      </Position2>
      <Position3>
        <Filename Value="ClientUnit.pas"/>
        <Caret Line="141" Column="3" TopLine="117"/>
      </Position3>
      <Position4>
        <Filename Value="ClientUnit.pas"/>
        <Caret Line="140" Column="3" TopLine="116"/>
      </Position4>
      <Position5>
        <Filename Value="ClientPro.lpr"/>
        <Caret Line="19" Column="32" TopLine="1"/>
      </Position5>
      <Position6>
        <Filename Value="ClientUnit.pas"/>
        <Caret Line="124" Column="96" TopLine="116"/>
      </Position6>
      <Position7>
        <Filename Value="ClientUnit.pas"/>
        <Caret Line="123" Column="96" TopLine="115"/>
      </Position7>
      <Position8>
        <Filename Value="ClientUnit.pas"/>
        <Caret Line="124" Column="96" TopLine="116"/>
      </Position8>
      <Position9>
        <Filename Value="ClientUnit.pas"/>
        <Caret Line="123" Column="96" TopLine="115"/>
      </Position9>
      <Position10>
        <Filename Value="ClientUnit.pas"/>
        <Caret Line="115" Column="19" TopLine="115"/>
      </Position10>
      <Position11>
        <Filename Value="ClientUnit.pas"/>
        <Caret Line="116" Column="19" TopLine="116"/>
      </Position11>
      <Position12>
        <Filename Value="ClientUnit.pas"/>
        <Caret Line="115" Column="19" TopLine="115"/>
      </Position12>
      <Position13>
        <Filename Value="ClientUnit.pas"/>
        <Caret Line="134" Column="125" TopLine="9"/>
      </Position13>
      <Position14>
        <Filename Value="ClientUnit.pas"/>
        <Caret Line="135" Column="125" TopLine="102"/>
      </Position14>
      <Position15>
        <Filename Value="ClientUnit.pas"/>
        <Caret Line="113" Column="56" TopLine="86"/>
      </Position15>
      <Position16>
        <Filename Value="ClientUnit.pas"/>
        <Caret Line="112" Column="56" TopLine="85"/>
      </Position16>
      <Position17>
        <Filename Value="ClientUnit.pas"/>
        <Caret Line="113" Column="24" TopLine="101"/>
      </Position17>
      <Position18>
        <Filename Value="ClientUnit.pas"/>
        <Caret Line="129" Column="123" TopLine="117"/>
      </Position18>
      <Position19>
        <Filename Value="ClientUnit.pas"/>
        <Caret Line="111" Column="1" TopLine="101"/>
      </Position19>
      <Position20>
        <Filename Value="ClientPro.lpr"/>
        <Caret Line="22" Column="1" TopLine="1"/>
      </Position20>
      <Position21>
        <Filename Value="ClientUnit.pas"/>
        <Caret Line="101" Column="27" TopLine="84"/>
      </Position21>
      <Position22>
        <Filename Value="ClientUnit.pas"/>
        <Caret Line="101" Column="65" TopLine="82"/>
      </Position22>
      <Position23>
        <Filename Value="ClientUnit.pas"/>
        <Caret Line="155" Column="1" TopLine="77"/>
      </Position23>
      <Position24>
        <Filename Value="ClientUnit.pas"/>
        <Caret Line="91" Column="54" TopLine="82"/>
      </Position24>
      <Position25>
        <Filename Value="ClientUnit.pas"/>
        <Caret Line="107" Column="32" TopLine="91"/>
      </Position25>
      <Position26>
        <Filename Value="ClientUnit.pas"/>
        <Caret Line="91" Column="14" TopLine="89"/>
      </Position26>
      <Position27>
        <Filename Value="ClientUnit.pas"/>
        <Caret Line="92" Column="15" TopLine="79"/>
      </Position27>
      <Position28>
        <Filename Value="ClientUnit.pas"/>
        <Caret Line="105" Column="41" TopLine="79"/>
      </Position28>
      <Position29>
        <Filename Value="ClientUnit.pas"/>
        <Caret Line="93" Column="148" TopLine="79"/>
      </Position29>
      <Position30>
        <Filename Value="ClientPro.lpr"/>
        <Caret Line="23" Column="35" TopLine="1"/>
      </Position30>
    </JumpHistory>
  </ProjectOptions>
  <CompilerOptions>
    <Version Value="10"/>
    <PathDelim Value="\"/>
    <Target>
      <Filename Value="ClientPro"/>
    </Target>
    <SearchPaths>
      <IncludeFiles Value="$(ProjOutDir)"/>
      <UnitOutputDirectory Value="lib\$(TargetCPU)-$(TargetOS)"/>
    </SearchPaths>
    <Linking>
      <Debugging>
        <DebugInfoType Value="dsAuto"/>
        <UseLineInfoUnit Value="False"/>
        <StripSymbols Value="True"/>
      </Debugging>
      <LinkSmart Value="True"/>
      <Options>
        <Win32>
          <GraphicApplication Value="True"/>
        </Win32>
      </Options>
    </Linking>
    <Other>
      <CompilerMessages>
        <UseMsgFile Value="True"/>
      </CompilerMessages>
      <CompilerPath Value="$(CompPath)"/>
    </Other>
  </CompilerOptions>
  <Debugging>
    <Exceptions Count="3">
      <Item1>
        <Name Value="EAbort"/>
      </Item1>
      <Item2>
        <Name Value="ECodetoolError"/>
      </Item2>
      <Item3>
        <Name Value="EFOpenError"/>
      </Item3>
    </Exceptions>
  </Debugging>
</CONFIG>
