<?xml version="1.0"?>
<CONFIG>
  <ProjectOptions>
    <Version Value="9"/>
    <PathDelim Value="\"/>
    <General>
      <MainUnit Value="0"/>
      <ResourceType Value="res"/>
      <UseXPManifest Value="True"/>
      <ActiveWindowIndexAtStart Value="0"/>
    </General>
    <i18n>
      <EnableI18N LFM="False"/>
    </i18n>
    <VersionInfo>
      <StringTable ProductVersion=""/>
    </VersionInfo>
    <BuildModes Count="1" Active="Default">
      <Item1 Name="Default" Default="True"/>
    </BuildModes>
    <PublishOptions>
      <Version Value="2"/>
      <IncludeFileFilter Value="*.(pas|pp|inc|lfm|lpr|lrs|lpi|lpk|sh|xml)"/>
      <ExcludeFileFilter Value="*.(bak|ppu|o|so);*~;backup"/>
    </PublishOptions>
    <RunParams>
      <local>
        <FormatVersion Value="1"/>
        <LaunchingApplication PathPlusParams="\usr\bin\xterm -T 'Lazarus Run Output' -e $(LazarusDir)\tools\runwait.sh $(TargetCmdLine)"/>
      </local>
    </RunParams>
    <RequiredPackages Count="4">
      <Item1>
        <PackageName Value="DBNetProcessor"/>
      </Item1>
      <Item2>
        <PackageName Value="FCL"/>
        <MinVersion Valid="True"/>
      </Item2>
      <Item3>
        <PackageName Value="LCLBase"/>
        <MinVersion Valid="True"/>
      </Item3>
      <Item4>
        <PackageName Value="LCL"/>
      </Item4>
    </RequiredPackages>
    <Units Count="18">
      <Unit0>
        <Filename Value="ClientPro.lpr"/>
        <IsPartOfProject Value="True"/>
        <UnitName Value="ClientPro"/>
        <WindowIndex Value="0"/>
        <TopLine Value="1"/>
        <CursorPos X="86" Y="1"/>
        <UsageCount Value="50"/>
      </Unit0>
      <Unit1>
        <Filename Value="ClientUnit.pas"/>
        <IsPartOfProject Value="True"/>
        <ComponentName Value="ClientForm"/>
        <ResourceBaseClass Value="Form"/>
        <UnitName Value="ClientUnit"/>
        <IsVisibleTab Value="True"/>
        <EditorIndex Value="0"/>
        <WindowIndex Value="0"/>
        <TopLine Value="100"/>
        <CursorPos X="10" Y="115"/>
        <UsageCount Value="50"/>
        <Loaded Value="True"/>
        <LoadedDesigner Value="True"/>
      </Unit1>
      <Unit2>
        <Filename Value=""/>
        <UsageCount Value="10"/>
      </Unit2>
      <Unit3>
        <Filename Value="..\MemDataBase.pas"/>
        <UnitName Value="MemDataBase"/>
        <WindowIndex Value="0"/>
        <TopLine Value="1683"/>
        <CursorPos X="9" Y="1741"/>
        <UsageCount Value="12"/>
      </Unit3>
      <Unit4>
        <Filename Value="ClientUnit.lfm"/>
        <WindowIndex Value="0"/>
        <TopLine Value="115"/>
        <CursorPos X="1" Y="145"/>
        <ExtraEditorCount Value="1"/>
        <ExtraEditor1>
          <WindowIndex Value="0"/>
          <TopLine Value="56"/>
          <CursorPos X="1" Y="56"/>
        </ExtraEditor1>
        <UsageCount Value="10"/>
        <DefaultSyntaxHighlighter Value="LFM"/>
      </Unit4>
      <Unit5>
        <Filename Value="..\OnLineQuery.pas"/>
        <UnitName Value="OnLineQuery"/>
        <WindowIndex Value="0"/>
        <TopLine Value="874"/>
        <CursorPos X="50" Y="894"/>
        <UsageCount Value="10"/>
      </Unit5>
      <Unit6>
        <Filename Value="T:\lazarus\fpc\rtl\objpas\sysutils\sysinth.inc"/>
        <WindowIndex Value="0"/>
        <TopLine Value="68"/>
        <CursorPos X="68" Y="90"/>
        <UsageCount Value="10"/>
      </Unit6>
      <Unit7>
        <Filename Value="T:\synpase\demo\http\Unit1.pas"/>
        <UnitName Value="Unit1"/>
        <WindowIndex Value="0"/>
        <TopLine Value="97"/>
        <CursorPos X="96" Y="105"/>
        <UsageCount Value="10"/>
      </Unit7>
      <Unit8>
        <Filename Value="T:\synpase\demo\echo\echo.pas"/>
        <UnitName Value="echo"/>
        <WindowIndex Value="0"/>
        <TopLine Value="25"/>
        <CursorPos X="61" Y="60"/>
        <UsageCount Value="10"/>
      </Unit8>
      <Unit9>
        <Filename Value="T:\lazarus\laz\lcl\forms.pp"/>
        <UnitName Value="Forms"/>
        <WindowIndex Value="0"/>
        <TopLine Value="1960"/>
        <CursorPos X="11" Y="1977"/>
        <UsageCount Value="10"/>
      </Unit9>
      <Unit10>
        <Filename Value="T:\lazarus\laz\lcl\include\application.inc"/>
        <WindowIndex Value="0"/>
        <TopLine Value="218"/>
        <CursorPos X="31" Y="228"/>
        <UsageCount Value="10"/>
      </Unit10>
      <Unit11>
        <Filename Value="T:\lazarus\fpc\rtl\win\wininc\defines.inc"/>
        <WindowIndex Value="0"/>
        <TopLine Value="2173"/>
        <CursorPos X="24" Y="2190"/>
        <UsageCount Value="10"/>
      </Unit11>
      <Unit12>
        <Filename Value="T:\lazarus\fpc\rtl\inc\systemh.inc"/>
        <WindowIndex Value="0"/>
        <TopLine Value="281"/>
        <CursorPos X="3" Y="298"/>
        <UsageCount Value="10"/>
      </Unit12>
      <Unit13>
        <Filename Value="T:\lazarus\fpc\packages\fcl-db\src\base\db.pas"/>
        <UnitName Value="db"/>
        <WindowIndex Value="0"/>
        <TopLine Value="371"/>
        <CursorPos X="29" Y="388"/>
        <UsageCount Value="10"/>
      </Unit13>
      <Unit14>
        <Filename Value="..\ServerProc.pas"/>
        <UnitName Value="ServerProc"/>
        <WindowIndex Value="0"/>
        <TopLine Value="1572"/>
        <CursorPos X="25" Y="1581"/>
        <UsageCount Value="10"/>
      </Unit14>
      <Unit15>
        <Filename Value="..\ClientProc.pas"/>
        <UnitName Value="ClientProc"/>
        <WindowIndex Value="0"/>
        <TopLine Value="539"/>
        <CursorPos X="39" Y="542"/>
        <UsageCount Value="10"/>
      </Unit15>
      <Unit16>
        <Filename Value="..\ZeosDataServer.pas"/>
        <UnitName Value="ZeosDataServer"/>
        <WindowIndex Value="0"/>
        <TopLine Value="222"/>
        <CursorPos X="11" Y="243"/>
        <UsageCount Value="10"/>
      </Unit16>
      <Unit17>
        <Filename Value="..\ZeosProv.pas"/>
        <UnitName Value="ZeosProv"/>
        <WindowIndex Value="0"/>
        <TopLine Value="268"/>
        <CursorPos X="37" Y="333"/>
        <UsageCount Value="10"/>
      </Unit17>
    </Units>
    <JumpHistory Count="0" HistoryIndex="-1"/>
  </ProjectOptions>
  <CompilerOptions>
    <Version Value="10"/>
    <PathDelim Value="\"/>
    <Target>
      <Filename Value="ClientPro"/>
    </Target>
    <SearchPaths>
      <IncludeFiles Value="$(ProjOutDir)"/>
      <UnitOutputDirectory Value="lib\$(TargetCPU)-$(TargetOS)"/>
    </SearchPaths>
    <Linking>
      <Debugging>
        <UseLineInfoUnit Value="False"/>
        <StripSymbols Value="True"/>
      </Debugging>
      <LinkSmart Value="True"/>
      <Options>
        <Win32>
          <GraphicApplication Value="True"/>
        </Win32>
      </Options>
    </Linking>
    <Other>
      <CompilerMessages>
        <UseMsgFile Value="True"/>
      </CompilerMessages>
      <CompilerPath Value="$(CompPath)"/>
    </Other>
  </CompilerOptions>
  <Debugging>
    <Exceptions Count="3">
      <Item1>
        <Name Value="EAbort"/>
      </Item1>
      <Item2>
        <Name Value="ECodetoolError"/>
      </Item2>
      <Item3>
        <Name Value="EFOpenError"/>
      </Item3>
    </Exceptions>
  </Debugging>
</CONFIG>
